{
  "name": "examples",
  "version": "1.0.0",
  "lockfileVersion": 3,
  "requires": true,
  "packages": {
    "": {
      "name": "examples",
      "version": "1.0.0",
      "license": "ISC",
      "dependencies": {
        "prism-server": "^0.0.1"
      }
    },
    "node_modules/prism-server": {
      "version": "0.0.1",
      "resolved": "https://registry.npmjs.org/prism-server/-/prism-server-0.0.1.tgz",
      "integrity": "sha512-6QZmy+pEnZ2lyOwU/01LJaYamVnyW2lF02/hyejCmvRQn8qz7XNpvnldxRgLYvbcc1ONs5HLcO6Dh84tVPgPnA=="
    }
  }
}
